<?xml version="1.0" encoding="utf-8"?>
<Project ToolsVersion="4.0" xmlns="http://schemas.microsoft.com/developer/msbuild/2003">
  <ItemGroup>
    <Filter Include="GameObject">
      <UniqueIdentifier>{7176556d-f67b-4c4b-b98e-22802b33f530}</UniqueIdentifier>
    </Filter>
    <Filter Include="External">
      <UniqueIdentifier>{012f33f3-3096-43d2-bf81-b8ed87094f81}</UniqueIdentifier>
    </Filter>
    <Filter Include="External\Shaders">
      <UniqueIdentifier>{aa86e47f-445f-4440-9a76-173363b46c4e}</UniqueIdentifier>
    </Filter>
    <Filter Include="GameMain">
      <UniqueIdentifier>{4FC737F1-C7A5-4376-A066-2A32D752A2FF}</UniqueIdentifier>
      <Extensions>cpp;c;cc;cxx;def;odl;idl;hpj;bat;asm;asmx</Extensions>
    </Filter>
    <Filter Include="InputEvent">
      <UniqueIdentifier>{93995380-89BD-4b04-88EB-625FBE52EBFB}</UniqueIdentifier>
      <Extensions>h;hh;hpp;hxx;hm;inl;inc;xsd</Extensions>
    </Filter>
    <Filter Include="Common">
      <UniqueIdentifier>{f17006d8-01cd-4914-985e-e0d3561aaea1}</UniqueIdentifier>
    </Filter>
    <Filter Include="Player">
      <UniqueIdentifier>{d9a6bbd2-fc8a-4109-85de-d039a56d6d03}</UniqueIdentifier>
    </Filter>
    <Filter Include="Physics">
      <UniqueIdentifier>{16867594-baeb-42cb-8162-bf707da2e60e}</UniqueIdentifier>
    </Filter>
  </ItemGroup>
  <ItemGroup>
    <ClInclude Include="object.h">
      <Filter>GameObject</Filter>
    </ClInclude>
    <ClInclude Include="Renderer.h">
      <Filter>External</Filter>
    </ClInclude>
    <ClInclude Include="targetver.h">
      <Filter>External</Filter>
    </ClInclude>
    <ClInclude Include="LoadPng.h">
      <Filter>External</Filter>
    </ClInclude>
    <ClInclude Include="Command.h">
      <Filter>InputEvent</Filter>
    </ClInclude>
    <ClInclude Include="InputHandler.h">
      <Filter>InputEvent</Filter>
    </ClInclude>
    <ClInclude Include="MainScene.h">
      <Filter>GameMain</Filter>
    </ClInclude>
    <ClInclude Include="stdafx.h">
      <Filter>Common</Filter>
    </ClInclude>
    <ClInclude Include="Slime.h">
      <Filter>GameObject</Filter>
    </ClInclude>
    <ClInclude Include="Player.h">
      <Filter>Player</Filter>
    </ClInclude>
    <ClInclude Include="PhysicsComponent.h">
      <Filter>Physics</Filter>
    </ClInclude>
  </ItemGroup>
  <ItemGroup>
    <ClCompile Include="Renderer.cpp">
      <Filter>External</Filter>
    </ClCompile>
    <ClCompile Include="LoadPng.cpp">
      <Filter>External</Filter>
    </ClCompile>
    <ClCompile Include="object.cpp">
      <Filter>GameObject</Filter>
    </ClCompile>
    <ClCompile Include="Command.cpp">
      <Filter>InputEvent</Filter>
    </ClCompile>
    <ClCompile Include="InputHandler.cpp">
      <Filter>InputEvent</Filter>
    </ClCompile>
    <ClCompile Include="MainScene.cpp">
      <Filter>GameMain</Filter>
    </ClCompile>
    <ClCompile Include="stdafx.cpp">
      <Filter>Common</Filter>
    </ClCompile>
    <ClCompile Include="Slime.cpp">
      <Filter>GameObject</Filter>
    </ClCompile>
    <ClCompile Include="Player.cpp">
      <Filter>Player</Filter>
    </ClCompile>
    <ClCompile Include="PhysicsComponent.cpp">
      <Filter>Physics</Filter>
    </ClCompile>
    <ClCompile Include="SimpleGame.cpp">
      <Filter>Common</Filter>
    </ClCompile>
  </ItemGroup>
  <ItemGroup>
    <None Include="Shaders\SolidRect.fs">
      <Filter>External\Shaders</Filter>
    </None>
    <None Include="Shaders\SolidRect.vs">
      <Filter>External\Shaders</Filter>
    </None>
    <None Include="Shaders\TextureRect.fs">
      <Filter>External\Shaders</Filter>
    </None>
    <None Include="Shaders\TextureRect.vs">
      <Filter>External\Shaders</Filter>
    </None>
    <None Include="Shaders\TextureRectSeq.fs">
      <Filter>External\Shaders</Filter>
    </None>
    <None Include="Shaders\TextureRectSeq.vs">
      <Filter>External\Shaders</Filter>
    </None>
  </ItemGroup>
</Project>